// !$*UTF8*$!
{
	archiveVersion = 1;
	classes = {
	};
	objectVersion = 48;
	objects = {

/* Begin PBXBuildFile section */
		1C8889FA1FC47FC200A54FA2 /* AppDelegate.swift in Sources */ = {isa = PBXBuildFile; fileRef = 1C8889F91FC47FC200A54FA2 /* AppDelegate.swift */; };
		1C8889FC1FC47FC200A54FA2 /* TideViewCotroller.swift in Sources */ = {isa = PBXBuildFile; fileRef = 1C8889FB1FC47FC200A54FA2 /* TideViewCotroller.swift */; };
		1C8889FF1FC47FC200A54FA2 /* Main.storyboard in Resources */ = {isa = PBXBuildFile; fileRef = 1C8889FD1FC47FC200A54FA2 /* Main.storyboard */; };
		1C888A011FC47FC200A54FA2 /* Assets.xcassets in Resources */ = {isa = PBXBuildFile; fileRef = 1C888A001FC47FC200A54FA2 /* Assets.xcassets */; };
		1C888A041FC47FC200A54FA2 /* LaunchScreen.storyboard in Resources */ = {isa = PBXBuildFile; fileRef = 1C888A021FC47FC200A54FA2 /* LaunchScreen.storyboard */; };
		1C888A0F1FC47FC200A54FA2 /* king_tideTests.swift in Sources */ = {isa = PBXBuildFile; fileRef = 1C888A0E1FC47FC200A54FA2 /* king_tideTests.swift */; };
		1C888A1A1FC47FC200A54FA2 /* king_tideUITests.swift in Sources */ = {isa = PBXBuildFile; fileRef = 1C888A191FC47FC200A54FA2 /* king_tideUITests.swift */; };
		1C888A281FC4809000A54FA2 /* SubmissionViewController.swift in Sources */ = {isa = PBXBuildFile; fileRef = 1C888A271FC4809000A54FA2 /* SubmissionViewController.swift */; };
		A7BFB9AB2004701D00CC4F46 /* ApiKey.swift in Sources */ = {isa = PBXBuildFile; fileRef = A7BFB9AA2004701D00CC4F46 /* ApiKey.swift */; };
		A7D619BD1FDC2DD90045AD05 /* TideModel.swift in Sources */ = {isa = PBXBuildFile; fileRef = A7D619BC1FDC2DD90045AD05 /* TideModel.swift */; };
		A7D619C01FDC371A0045AD05 /* Request.swift in Sources */ = {isa = PBXBuildFile; fileRef = A7D619BF1FDC371A0045AD05 /* Request.swift */; };
/* End PBXBuildFile section */

/* Begin PBXContainerItemProxy section */
		1C888A0B1FC47FC200A54FA2 /* PBXContainerItemProxy */ = {
			isa = PBXContainerItemProxy;
			containerPortal = 1C8889EE1FC47FC200A54FA2 /* Project object */;
			proxyType = 1;
			remoteGlobalIDString = 1C8889F51FC47FC200A54FA2;
			remoteInfo = "king-tide";
		};
		1C888A161FC47FC200A54FA2 /* PBXContainerItemProxy */ = {
			isa = PBXContainerItemProxy;
			containerPortal = 1C8889EE1FC47FC200A54FA2 /* Project object */;
			proxyType = 1;
			remoteGlobalIDString = 1C8889F51FC47FC200A54FA2;
			remoteInfo = "king-tide";
		};
/* End PBXContainerItemProxy section */

/* Begin PBXFileReference section */
		1C8889F61FC47FC200A54FA2 /* king-tide.app */ = {isa = PBXFileReference; explicitFileType = wrapper.application; includeInIndex = 0; path = "king-tide.app"; sourceTree = BUILT_PRODUCTS_DIR; };
		1C8889F91FC47FC200A54FA2 /* AppDelegate.swift */ = {isa = PBXFileReference; lastKnownFileType = sourcecode.swift; path = AppDelegate.swift; sourceTree = "<group>"; };
		1C8889FB1FC47FC200A54FA2 /* TideViewCotroller.swift */ = {isa = PBXFileReference; lastKnownFileType = sourcecode.swift; path = TideViewCotroller.swift; sourceTree = "<group>"; };
		1C8889FE1FC47FC200A54FA2 /* Base */ = {isa = PBXFileReference; lastKnownFileType = file.storyboard; name = Base; path = Base.lproj/Main.storyboard; sourceTree = "<group>"; };
		1C888A001FC47FC200A54FA2 /* Assets.xcassets */ = {isa = PBXFileReference; lastKnownFileType = folder.assetcatalog; path = Assets.xcassets; sourceTree = "<group>"; };
		1C888A031FC47FC200A54FA2 /* Base */ = {isa = PBXFileReference; lastKnownFileType = file.storyboard; name = Base; path = Base.lproj/LaunchScreen.storyboard; sourceTree = "<group>"; };
		1C888A051FC47FC200A54FA2 /* Info.plist */ = {isa = PBXFileReference; lastKnownFileType = text.plist.xml; path = Info.plist; sourceTree = "<group>"; };
		1C888A0A1FC47FC200A54FA2 /* king-tideTests.xctest */ = {isa = PBXFileReference; explicitFileType = wrapper.cfbundle; includeInIndex = 0; path = "king-tideTests.xctest"; sourceTree = BUILT_PRODUCTS_DIR; };
		1C888A0E1FC47FC200A54FA2 /* king_tideTests.swift */ = {isa = PBXFileReference; lastKnownFileType = sourcecode.swift; path = king_tideTests.swift; sourceTree = "<group>"; };
		1C888A101FC47FC200A54FA2 /* Info.plist */ = {isa = PBXFileReference; lastKnownFileType = text.plist.xml; path = Info.plist; sourceTree = "<group>"; };
		1C888A151FC47FC200A54FA2 /* king-tideUITests.xctest */ = {isa = PBXFileReference; explicitFileType = wrapper.cfbundle; includeInIndex = 0; path = "king-tideUITests.xctest"; sourceTree = BUILT_PRODUCTS_DIR; };
		1C888A191FC47FC200A54FA2 /* king_tideUITests.swift */ = {isa = PBXFileReference; lastKnownFileType = sourcecode.swift; path = king_tideUITests.swift; sourceTree = "<group>"; };
		1C888A1B1FC47FC200A54FA2 /* Info.plist */ = {isa = PBXFileReference; lastKnownFileType = text.plist.xml; path = Info.plist; sourceTree = "<group>"; };
		1C888A271FC4809000A54FA2 /* SubmissionViewController.swift */ = {isa = PBXFileReference; lastKnownFileType = sourcecode.swift; path = SubmissionViewController.swift; sourceTree = "<group>"; };
		A7BFB9AA2004701D00CC4F46 /* ApiKey.swift */ = {isa = PBXFileReference; lastKnownFileType = sourcecode.swift; path = ApiKey.swift; sourceTree = "<group>"; };
		A7D619BC1FDC2DD90045AD05 /* TideModel.swift */ = {isa = PBXFileReference; lastKnownFileType = sourcecode.swift; path = TideModel.swift; sourceTree = "<group>"; };
		A7D619BF1FDC371A0045AD05 /* Request.swift */ = {isa = PBXFileReference; lastKnownFileType = sourcecode.swift; path = Request.swift; sourceTree = "<group>"; };
/* End PBXFileReference section */

/* Begin PBXFrameworksBuildPhase section */
		1C8889F31FC47FC200A54FA2 /* Frameworks */ = {
			isa = PBXFrameworksBuildPhase;
			buildActionMask = 2147483647;
			files = (
			);
			runOnlyForDeploymentPostprocessing = 0;
		};
		1C888A071FC47FC200A54FA2 /* Frameworks */ = {
			isa = PBXFrameworksBuildPhase;
			buildActionMask = 2147483647;
			files = (
			);
			runOnlyForDeploymentPostprocessing = 0;
		};
		1C888A121FC47FC200A54FA2 /* Frameworks */ = {
			isa = PBXFrameworksBuildPhase;
			buildActionMask = 2147483647;
			files = (
			);
			runOnlyForDeploymentPostprocessing = 0;
		};
/* End PBXFrameworksBuildPhase section */

/* Begin PBXGroup section */
		1C8889ED1FC47FC200A54FA2 = {
			isa = PBXGroup;
			children = (
				1C8889F81FC47FC200A54FA2 /* king-tide */,
				1C888A0D1FC47FC200A54FA2 /* king-tideTests */,
				1C888A181FC47FC200A54FA2 /* king-tideUITests */,
				1C8889F71FC47FC200A54FA2 /* Products */,
			);
			sourceTree = "<group>";
		};
		1C8889F71FC47FC200A54FA2 /* Products */ = {
			isa = PBXGroup;
			children = (
				1C8889F61FC47FC200A54FA2 /* king-tide.app */,
				1C888A0A1FC47FC200A54FA2 /* king-tideTests.xctest */,
				1C888A151FC47FC200A54FA2 /* king-tideUITests.xctest */,
			);
			name = Products;
			sourceTree = "<group>";
		};
		1C8889F81FC47FC200A54FA2 /* king-tide */ = {
			isa = PBXGroup;
			children = (
				1C8889F91FC47FC200A54FA2 /* AppDelegate.swift */,
				A7D619BE1FDC2F290045AD05 /* Api */,
				A7D619BB1FDC2DA20045AD05 /* Controller */,
				A7D619BA1FDC2D9B0045AD05 /* Storyboard */,
				A7D619B91FDC2D900045AD05 /* Model */,
				1C888A001FC47FC200A54FA2 /* Assets.xcassets */,
				1C888A051FC47FC200A54FA2 /* Info.plist */,
			);
			path = "king-tide";
			sourceTree = "<group>";
		};
		1C888A0D1FC47FC200A54FA2 /* king-tideTests */ = {
			isa = PBXGroup;
			children = (
				1C888A0E1FC47FC200A54FA2 /* king_tideTests.swift */,
				1C888A101FC47FC200A54FA2 /* Info.plist */,
			);
			path = "king-tideTests";
			sourceTree = "<group>";
		};
		1C888A181FC47FC200A54FA2 /* king-tideUITests */ = {
			isa = PBXGroup;
			children = (
				1C888A191FC47FC200A54FA2 /* king_tideUITests.swift */,
				1C888A1B1FC47FC200A54FA2 /* Info.plist */,
			);
			path = "king-tideUITests";
			sourceTree = "<group>";
		};
		A7D619B91FDC2D900045AD05 /* Model */ = {
			isa = PBXGroup;
			children = (
				A7D619BC1FDC2DD90045AD05 /* TideModel.swift */,
			);
			path = Model;
			sourceTree = "<group>";
		};
		A7D619BA1FDC2D9B0045AD05 /* Storyboard */ = {
			isa = PBXGroup;
			children = (
				1C888A021FC47FC200A54FA2 /* LaunchScreen.storyboard */,
				1C8889FD1FC47FC200A54FA2 /* Main.storyboard */,
			);
			path = Storyboard;
			sourceTree = "<group>";
		};
		A7D619BB1FDC2DA20045AD05 /* Controller */ = {
			isa = PBXGroup;
			children = (
				A7FE1CC31FE56E8D00F07703 /* TideReadings */,
				A7FE1CC51FE56F3800F07703 /* Submit */,
			);
			path = Controller;
			sourceTree = "<group>";
		};
		A7D619BE1FDC2F290045AD05 /* Api */ = {
			isa = PBXGroup;
			children = (
				A7FE1CC61FE5703B00F07703 /* Request */,
			);
			path = Api;
			sourceTree = "<group>";
		};
		A7FE1CC31FE56E8D00F07703 /* TideReadings */ = {
			isa = PBXGroup;
			children = (
				1C8889FB1FC47FC200A54FA2 /* TideViewCotroller.swift */,
			);
			path = TideReadings;
			sourceTree = "<group>";
		};
		A7FE1CC51FE56F3800F07703 /* Submit */ = {
			isa = PBXGroup;
			children = (
				1C888A271FC4809000A54FA2 /* SubmissionViewController.swift */,
			);
			path = Submit;
			sourceTree = "<group>";
		};
		A7FE1CC61FE5703B00F07703 /* Request */ = {
			isa = PBXGroup;
			children = (
				A7D619BF1FDC371A0045AD05 /* Request.swift */,
				A7BFB9AA2004701D00CC4F46 /* ApiKey.swift */,
			);
			path = Request;
			sourceTree = "<group>";
		};
/* End PBXGroup section */

/* Begin PBXNativeTarget section */
		1C8889F51FC47FC200A54FA2 /* king-tide */ = {
			isa = PBXNativeTarget;
			buildConfigurationList = 1C888A1E1FC47FC200A54FA2 /* Build configuration list for PBXNativeTarget "king-tide" */;
			buildPhases = (
				1C8889F21FC47FC200A54FA2 /* Sources */,
				1C8889F31FC47FC200A54FA2 /* Frameworks */,
				1C8889F41FC47FC200A54FA2 /* Resources */,
			);
			buildRules = (
			);
			dependencies = (
			);
			name = "king-tide";
			productName = "king-tide";
			productReference = 1C8889F61FC47FC200A54FA2 /* king-tide.app */;
			productType = "com.apple.product-type.application";
		};
		1C888A091FC47FC200A54FA2 /* king-tideTests */ = {
			isa = PBXNativeTarget;
			buildConfigurationList = 1C888A211FC47FC200A54FA2 /* Build configuration list for PBXNativeTarget "king-tideTests" */;
			buildPhases = (
				1C888A061FC47FC200A54FA2 /* Sources */,
				1C888A071FC47FC200A54FA2 /* Frameworks */,
				1C888A081FC47FC200A54FA2 /* Resources */,
			);
			buildRules = (
			);
			dependencies = (
				1C888A0C1FC47FC200A54FA2 /* PBXTargetDependency */,
			);
			name = "king-tideTests";
			productName = "king-tideTests";
			productReference = 1C888A0A1FC47FC200A54FA2 /* king-tideTests.xctest */;
			productType = "com.apple.product-type.bundle.unit-test";
		};
		1C888A141FC47FC200A54FA2 /* king-tideUITests */ = {
			isa = PBXNativeTarget;
			buildConfigurationList = 1C888A241FC47FC200A54FA2 /* Build configuration list for PBXNativeTarget "king-tideUITests" */;
			buildPhases = (
				1C888A111FC47FC200A54FA2 /* Sources */,
				1C888A121FC47FC200A54FA2 /* Frameworks */,
				1C888A131FC47FC200A54FA2 /* Resources */,
			);
			buildRules = (
			);
			dependencies = (
				1C888A171FC47FC200A54FA2 /* PBXTargetDependency */,
			);
			name = "king-tideUITests";
			productName = "king-tideUITests";
			productReference = 1C888A151FC47FC200A54FA2 /* king-tideUITests.xctest */;
			productType = "com.apple.product-type.bundle.ui-testing";
		};
/* End PBXNativeTarget section */

/* Begin PBXProject section */
		1C8889EE1FC47FC200A54FA2 /* Project object */ = {
			isa = PBXProject;
			attributes = {
				LastSwiftUpdateCheck = 0910;
				LastUpgradeCheck = 0910;
				ORGANIZATIONNAME = "Alexandra Saldana";
				TargetAttributes = {
					1C8889F51FC47FC200A54FA2 = {
						CreatedOnToolsVersion = 9.1;
						ProvisioningStyle = Automatic;
					};
					1C888A091FC47FC200A54FA2 = {
						CreatedOnToolsVersion = 9.1;
						ProvisioningStyle = Automatic;
						TestTargetID = 1C8889F51FC47FC200A54FA2;
					};
					1C888A141FC47FC200A54FA2 = {
						CreatedOnToolsVersion = 9.1;
						ProvisioningStyle = Automatic;
						TestTargetID = 1C8889F51FC47FC200A54FA2;
					};
				};
			};
			buildConfigurationList = 1C8889F11FC47FC200A54FA2 /* Build configuration list for PBXProject "king-tide" */;
			compatibilityVersion = "Xcode 8.0";
			developmentRegion = en;
			hasScannedForEncodings = 0;
			knownRegions = (
				en,
				Base,
			);
			mainGroup = 1C8889ED1FC47FC200A54FA2;
			productRefGroup = 1C8889F71FC47FC200A54FA2 /* Products */;
			projectDirPath = "";
			projectRoot = "";
			targets = (
				1C8889F51FC47FC200A54FA2 /* king-tide */,
				1C888A091FC47FC200A54FA2 /* king-tideTests */,
				1C888A141FC47FC200A54FA2 /* king-tideUITests */,
			);
		};
/* End PBXProject section */

/* Begin PBXResourcesBuildPhase section */
		1C8889F41FC47FC200A54FA2 /* Resources */ = {
			isa = PBXResourcesBuildPhase;
			buildActionMask = 2147483647;
			files = (
				1C888A041FC47FC200A54FA2 /* LaunchScreen.storyboard in Resources */,
				1C888A011FC47FC200A54FA2 /* Assets.xcassets in Resources */,
				1C8889FF1FC47FC200A54FA2 /* Main.storyboard in Resources */,
			);
			runOnlyForDeploymentPostprocessing = 0;
		};
		1C888A081FC47FC200A54FA2 /* Resources */ = {
			isa = PBXResourcesBuildPhase;
			buildActionMask = 2147483647;
			files = (
			);
			runOnlyForDeploymentPostprocessing = 0;
		};
		1C888A131FC47FC200A54FA2 /* Resources */ = {
			isa = PBXResourcesBuildPhase;
			buildActionMask = 2147483647;
			files = (
			);
			runOnlyForDeploymentPostprocessing = 0;
		};
/* End PBXResourcesBuildPhase section */

/* Begin PBXSourcesBuildPhase section */
		1C8889F21FC47FC200A54FA2 /* Sources */ = {
			isa = PBXSourcesBuildPhase;
			buildActionMask = 2147483647;
			files = (
				1C8889FC1FC47FC200A54FA2 /* TideViewCotroller.swift in Sources */,
				A7D619BD1FDC2DD90045AD05 /* TideModel.swift in Sources */,
				A7D619C01FDC371A0045AD05 /* Request.swift in Sources */,
				1C8889FA1FC47FC200A54FA2 /* AppDelegate.swift in Sources */,
				1C888A281FC4809000A54FA2 /* SubmissionViewController.swift in Sources */,
				A7BFB9AB2004701D00CC4F46 /* ApiKey.swift in Sources */,
			);
			runOnlyForDeploymentPostprocessing = 0;
		};
		1C888A061FC47FC200A54FA2 /* Sources */ = {
			isa = PBXSourcesBuildPhase;
			buildActionMask = 2147483647;
			files = (
				1C888A0F1FC47FC200A54FA2 /* king_tideTests.swift in Sources */,
			);
			runOnlyForDeploymentPostprocessing = 0;
		};
		1C888A111FC47FC200A54FA2 /* Sources */ = {
			isa = PBXSourcesBuildPhase;
			buildActionMask = 2147483647;
			files = (
				1C888A1A1FC47FC200A54FA2 /* king_tideUITests.swift in Sources */,
			);
			runOnlyForDeploymentPostprocessing = 0;
		};
/* End PBXSourcesBuildPhase section */

/* Begin PBXTargetDependency section */
		1C888A0C1FC47FC200A54FA2 /* PBXTargetDependency */ = {
			isa = PBXTargetDependency;
			target = 1C8889F51FC47FC200A54FA2 /* king-tide */;
			targetProxy = 1C888A0B1FC47FC200A54FA2 /* PBXContainerItemProxy */;
		};
		1C888A171FC47FC200A54FA2 /* PBXTargetDependency */ = {
			isa = PBXTargetDependency;
			target = 1C8889F51FC47FC200A54FA2 /* king-tide */;
			targetProxy = 1C888A161FC47FC200A54FA2 /* PBXContainerItemProxy */;
		};
/* End PBXTargetDependency section */

/* Begin PBXVariantGroup section */
		1C8889FD1FC47FC200A54FA2 /* Main.storyboard */ = {
			isa = PBXVariantGroup;
			children = (
				1C8889FE1FC47FC200A54FA2 /* Base */,
			);
			name = Main.storyboard;
			sourceTree = "<group>";
		};
		1C888A021FC47FC200A54FA2 /* LaunchScreen.storyboard */ = {
			isa = PBXVariantGroup;
			children = (
				1C888A031FC47FC200A54FA2 /* Base */,
			);
			name = LaunchScreen.storyboard;
			sourceTree = "<group>";
		};
/* End PBXVariantGroup section */

/* Begin XCBuildConfiguration section */
		1C888A1C1FC47FC200A54FA2 /* Debug */ = {
			isa = XCBuildConfiguration;
			buildSettings = {
				ALWAYS_SEARCH_USER_PATHS = NO;
				CLANG_ANALYZER_NONNULL = YES;
				CLANG_ANALYZER_NUMBER_OBJECT_CONVERSION = YES_AGGRESSIVE;
				CLANG_CXX_LANGUAGE_STANDARD = "gnu++14";
				CLANG_CXX_LIBRARY = "libc++";
				CLANG_ENABLE_MODULES = YES;
				CLANG_ENABLE_OBJC_ARC = YES;
				CLANG_WARN_BLOCK_CAPTURE_AUTORELEASING = YES;
				CLANG_WARN_BOOL_CONVERSION = YES;
				CLANG_WARN_COMMA = YES;
				CLANG_WARN_CONSTANT_CONVERSION = YES;
				CLANG_WARN_DIRECT_OBJC_ISA_USAGE = YES_ERROR;
				CLANG_WARN_DOCUMENTATION_COMMENTS = YES;
				CLANG_WARN_EMPTY_BODY = YES;
				CLANG_WARN_ENUM_CONVERSION = YES;
				CLANG_WARN_INFINITE_RECURSION = YES;
				CLANG_WARN_INT_CONVERSION = YES;
				CLANG_WARN_NON_LITERAL_NULL_CONVERSION = YES;
				CLANG_WARN_OBJC_LITERAL_CONVERSION = YES;
				CLANG_WARN_OBJC_ROOT_CLASS = YES_ERROR;
				CLANG_WARN_RANGE_LOOP_ANALYSIS = YES;
				CLANG_WARN_STRICT_PROTOTYPES = YES;
				CLANG_WARN_SUSPICIOUS_MOVE = YES;
				CLANG_WARN_UNGUARDED_AVAILABILITY = YES_AGGRESSIVE;
				CLANG_WARN_UNREACHABLE_CODE = YES;
				CLANG_WARN__DUPLICATE_METHOD_MATCH = YES;
				CODE_SIGN_IDENTITY = "iPhone Developer";
				COPY_PHASE_STRIP = NO;
				DEBUG_INFORMATION_FORMAT = dwarf;
				ENABLE_STRICT_OBJC_MSGSEND = YES;
				ENABLE_TESTABILITY = YES;
				GCC_C_LANGUAGE_STANDARD = gnu11;
				GCC_DYNAMIC_NO_PIC = NO;
				GCC_NO_COMMON_BLOCKS = YES;
				GCC_OPTIMIZATION_LEVEL = 0;
				GCC_PREPROCESSOR_DEFINITIONS = (
					"DEBUG=1",
					"$(inherited)",
				);
				GCC_WARN_64_TO_32_BIT_CONVERSION = YES;
				GCC_WARN_ABOUT_RETURN_TYPE = YES_ERROR;
				GCC_WARN_UNDECLARED_SELECTOR = YES;
				GCC_WARN_UNINITIALIZED_AUTOS = YES_AGGRESSIVE;
				GCC_WARN_UNUSED_FUNCTION = YES;
				GCC_WARN_UNUSED_VARIABLE = YES;
				IPHONEOS_DEPLOYMENT_TARGET = 11.1;
				MTL_ENABLE_DEBUG_INFO = YES;
				ONLY_ACTIVE_ARCH = YES;
				SDKROOT = iphoneos;
				SWIFT_ACTIVE_COMPILATION_CONDITIONS = DEBUG;
				SWIFT_OPTIMIZATION_LEVEL = "-Onone";
			};
			name = Debug;
		};
		1C888A1D1FC47FC200A54FA2 /* Release */ = {
			isa = XCBuildConfiguration;
			buildSettings = {
				ALWAYS_SEARCH_USER_PATHS = NO;
				CLANG_ANALYZER_NONNULL = YES;
				CLANG_ANALYZER_NUMBER_OBJECT_CONVERSION = YES_AGGRESSIVE;
				CLANG_CXX_LANGUAGE_STANDARD = "gnu++14";
				CLANG_CXX_LIBRARY = "libc++";
				CLANG_ENABLE_MODULES = YES;
				CLANG_ENABLE_OBJC_ARC = YES;
				CLANG_WARN_BLOCK_CAPTURE_AUTORELEASING = YES;
				CLANG_WARN_BOOL_CONVERSION = YES;
				CLANG_WARN_COMMA = YES;
				CLANG_WARN_CONSTANT_CONVERSION = YES;
				CLANG_WARN_DIRECT_OBJC_ISA_USAGE = YES_ERROR;
				CLANG_WARN_DOCUMENTATION_COMMENTS = YES;
				CLANG_WARN_EMPTY_BODY = YES;
				CLANG_WARN_ENUM_CONVERSION = YES;
				CLANG_WARN_INFINITE_RECURSION = YES;
				CLANG_WARN_INT_CONVERSION = YES;
				CLANG_WARN_NON_LITERAL_NULL_CONVERSION = YES;
				CLANG_WARN_OBJC_LITERAL_CONVERSION = YES;
				CLANG_WARN_OBJC_ROOT_CLASS = YES_ERROR;
				CLANG_WARN_RANGE_LOOP_ANALYSIS = YES;
				CLANG_WARN_STRICT_PROTOTYPES = YES;
				CLANG_WARN_SUSPICIOUS_MOVE = YES;
				CLANG_WARN_UNGUARDED_AVAILABILITY = YES_AGGRESSIVE;
				CLANG_WARN_UNREACHABLE_CODE = YES;
				CLANG_WARN__DUPLICATE_METHOD_MATCH = YES;
				CODE_SIGN_IDENTITY = "iPhone Developer";
				COPY_PHASE_STRIP = NO;
				DEBUG_INFORMATION_FORMAT = "dwarf-with-dsym";
				ENABLE_NS_ASSERTIONS = NO;
				ENABLE_STRICT_OBJC_MSGSEND = YES;
				GCC_C_LANGUAGE_STANDARD = gnu11;
				GCC_NO_COMMON_BLOCKS = YES;
				GCC_WARN_64_TO_32_BIT_CONVERSION = YES;
				GCC_WARN_ABOUT_RETURN_TYPE = YES_ERROR;
				GCC_WARN_UNDECLARED_SELECTOR = YES;
				GCC_WARN_UNINITIALIZED_AUTOS = YES_AGGRESSIVE;
				GCC_WARN_UNUSED_FUNCTION = YES;
				GCC_WARN_UNUSED_VARIABLE = YES;
				IPHONEOS_DEPLOYMENT_TARGET = 11.1;
				MTL_ENABLE_DEBUG_INFO = NO;
				SDKROOT = iphoneos;
				SWIFT_OPTIMIZATION_LEVEL = "-Owholemodule";
				VALIDATE_PRODUCT = YES;
			};
			name = Release;
		};
		1C888A1F1FC47FC200A54FA2 /* Debug */ = {
			isa = XCBuildConfiguration;
			buildSettings = {
				ASSETCATALOG_COMPILER_APPICON_NAME = AppIcon;
				CODE_SIGN_STYLE = Automatic;
				DEVELOPMENT_TEAM = 5365TKQKLN;
				INFOPLIST_FILE = "king-tide/Info.plist";
				LD_RUNPATH_SEARCH_PATHS = "$(inherited) @executable_path/Frameworks";
				PRODUCT_BUNDLE_IDENTIFIER = "tddapps.king-tide";
				PRODUCT_NAME = "$(TARGET_NAME)";
				SWIFT_VERSION = 4.0;
				TARGETED_DEVICE_FAMILY = "1,2";
			};
			name = Debug;
		};
		1C888A201FC47FC200A54FA2 /* Release */ = {
			isa = XCBuildConfiguration;
			buildSettings = {
				ASSETCATALOG_COMPILER_APPICON_NAME = AppIcon;
				CODE_SIGN_STYLE = Automatic;
				DEVELOPMENT_TEAM = 5365TKQKLN;
				INFOPLIST_FILE = "king-tide/Info.plist";
				LD_RUNPATH_SEARCH_PATHS = "$(inherited) @executable_path/Frameworks";
				PRODUCT_BUNDLE_IDENTIFIER = "tddapps.king-tide";
				PRODUCT_NAME = "$(TARGET_NAME)";
				SWIFT_VERSION = 4.0;
				TARGETED_DEVICE_FAMILY = "1,2";
			};
			name = Release;
		};
		1C888A221FC47FC200A54FA2 /* Debug */ = {
			isa = XCBuildConfiguration;
			buildSettings = {
				ALWAYS_EMBED_SWIFT_STANDARD_LIBRARIES = YES;
				BUNDLE_LOADER = "$(TEST_HOST)";
				CODE_SIGN_STYLE = Automatic;
				INFOPLIST_FILE = "king-tideTests/Info.plist";
				LD_RUNPATH_SEARCH_PATHS = "$(inherited) @executable_path/Frameworks @loader_path/Frameworks";
				PRODUCT_BUNDLE_IDENTIFIER = "tddapps.king-tideTests";
				PRODUCT_NAME = "$(TARGET_NAME)";
				SWIFT_VERSION = 4.0;
				TARGETED_DEVICE_FAMILY = "1,2";
				TEST_HOST = "$(BUILT_PRODUCTS_DIR)/king-tide.app/king-tide";
			};
			name = Debug;
		};
		1C888A231FC47FC200A54FA2 /* Release */ = {
			isa = XCBuildConfiguration;
			buildSettings = {
				ALWAYS_EMBED_SWIFT_STANDARD_LIBRARIES = YES;
				BUNDLE_LOADER = "$(TEST_HOST)";
				CODE_SIGN_STYLE = Automatic;
				INFOPLIST_FILE = "king-tideTests/Info.plist";
				LD_RUNPATH_SEARCH_PATHS = "$(inherited) @executable_path/Frameworks @loader_path/Frameworks";
				PRODUCT_BUNDLE_IDENTIFIER = "tddapps.king-tideTests";
				PRODUCT_NAME = "$(TARGET_NAME)";
				SWIFT_VERSION = 4.0;
				TARGETED_DEVICE_FAMILY = "1,2";
				TEST_HOST = "$(BUILT_PRODUCTS_DIR)/king-tide.app/king-tide";
			};
			name = Release;
		};
		1C888A251FC47FC200A54FA2 /* Debug */ = {
			isa = XCBuildConfiguration;
			buildSettings = {
				ALWAYS_EMBED_SWIFT_STANDARD_LIBRARIES = YES;
				CODE_SIGN_STYLE = Automatic;
				INFOPLIST_FILE = "king-tideUITests/Info.plist";
				LD_RUNPATH_SEARCH_PATHS = "$(inherited) @executable_path/Frameworks @loader_path/Frameworks";
				PRODUCT_BUNDLE_IDENTIFIER = "tddapps.king-tideUITests";
				PRODUCT_NAME = "$(TARGET_NAME)";
				SWIFT_VERSION = 4.0;
				TARGETED_DEVICE_FAMILY = "1,2";
				TEST_TARGET_NAME = "king-tide";
			};
			name = Debug;
		};
		1C888A261FC47FC200A54FA2 /* Release */ = {
			isa = XCBuildConfiguration;
			buildSettings = {
				ALWAYS_EMBED_SWIFT_STANDARD_LIBRARIES = YES;
				CODE_SIGN_STYLE = Automatic;
				INFOPLIST_FILE = "king-tideUITests/Info.plist";
				LD_RUNPATH_SEARCH_PATHS = "$(inherited) @executable_path/Frameworks @loader_path/Frameworks";
				PRODUCT_BUNDLE_IDENTIFIER = "tddapps.king-tideUITests";
				PRODUCT_NAME = "$(TARGET_NAME)";
				SWIFT_VERSION = 4.0;
				TARGETED_DEVICE_FAMILY = "1,2";
				TEST_TARGET_NAME = "king-tide";
			};
			name = Release;
		};
/* End XCBuildConfiguration section */

/* Begin XCConfigurationList section */
		1C8889F11FC47FC200A54FA2 /* Build configuration list for PBXProject "king-tide" */ = {
			isa = XCConfigurationList;
			buildConfigurations = (
				1C888A1C1FC47FC200A54FA2 /* Debug */,
				1C888A1D1FC47FC200A54FA2 /* Release */,
			);
			defaultConfigurationIsVisible = 0;
			defaultConfigurationName = Release;
		};
		1C888A1E1FC47FC200A54FA2 /* Build configuration list for PBXNativeTarget "king-tide" */ = {
			isa = XCConfigurationList;
			buildConfigurations = (
				1C888A1F1FC47FC200A54FA2 /* Debug */,
				1C888A201FC47FC200A54FA2 /* Release */,
			);
			defaultConfigurationIsVisible = 0;
			defaultConfigurationName = Release;
		};
		1C888A211FC47FC200A54FA2 /* Build configuration list for PBXNativeTarget "king-tideTests" */ = {
			isa = XCConfigurationList;
			buildConfigurations = (
				1C888A221FC47FC200A54FA2 /* Debug */,
				1C888A231FC47FC200A54FA2 /* Release */,
			);
			defaultConfigurationIsVisible = 0;
			defaultConfigurationName = Release;
		};
		1C888A241FC47FC200A54FA2 /* Build configuration list for PBXNativeTarget "king-tideUITests" */ = {
			isa = XCConfigurationList;
			buildConfigurations = (
				1C888A251FC47FC200A54FA2 /* Debug */,
				1C888A261FC47FC200A54FA2 /* Release */,
			);
			defaultConfigurationIsVisible = 0;
			defaultConfigurationName = Release;
		};
/* End XCConfigurationList section */
	};
	rootObject = 1C8889EE1FC47FC200A54FA2 /* Project object */;
}
